
Microsoft Visual Studio Solution File, Format Version 12.00
# Visual Studio 14
VisualStudioVersion = 14.0.22823.1
MinimumVisualStudioVersion = 10.0.40219.1
Project("{FAE04EC0-301F-11D3-BF4B-00C04F79EFBC}") = "Farm_Solution2", "Farm_Solution2\Farm_Solution2.csproj", "{DEC5B677-8F85-41EC-B2A8-68201882FB6E}"
EndProject
Project("{FAE04EC0-301F-11D3-BF4B-00C04F79EFBC}") = "ProvisionASiteWithCode", "ProvisionASiteWithCode\ProvisionASiteWithCode.csproj", "{924A6E26-7D47-4EB4-B785-FD98483B182C}"
EndProject
Project("{FAE04EC0-301F-11D3-BF4B-00C04F79EFBC}") = "UsingTheSPSiteHierarchy", "UsingTheSPSiteHierarchy\UsingTheSPSiteHierarchy.csproj", "{FF7250EF-8E20-401A-B2F2-45A20F134750}"
EndProject
Project("{FAE04EC0-301F-11D3-BF4B-00C04F79EFBC}") = "TaxonomyApp", "TaxonomyApp\TaxonomyApp.csproj", "{D33B249B-D5BF-4097-BC6C-88A86CDD6C89}"
EndProject
Project("{FAE04EC0-301F-11D3-BF4B-00C04F79EFBC}") = "PermAndAuthConsoleApp", "PermAndAuthConsoleApp\PermAndAuthConsoleApp.csproj", "{9DAD2B7B-F984-40D7-9942-1ED680E0383F}"
EndProject
Global
	GlobalSection(SolutionConfigurationPlatforms) = preSolution
		Debug|Any CPU = Debug|Any CPU
		Release|Any CPU = Release|Any CPU
	EndGlobalSection
	GlobalSection(ProjectConfigurationPlatforms) = postSolution
		{DEC5B677-8F85-41EC-B2A8-68201882FB6E}.Debug|Any CPU.ActiveCfg = Debug|Any CPU
		{DEC5B677-8F85-41EC-B2A8-68201882FB6E}.Debug|Any CPU.Build.0 = Debug|Any CPU
		{DEC5B677-8F85-41EC-B2A8-68201882FB6E}.Debug|Any CPU.Deploy.0 = Debug|Any CPU
		{DEC5B677-8F85-41EC-B2A8-68201882FB6E}.Release|Any CPU.ActiveCfg = Release|Any CPU
		{DEC5B677-8F85-41EC-B2A8-68201882FB6E}.Release|Any CPU.Build.0 = Release|Any CPU
		{DEC5B677-8F85-41EC-B2A8-68201882FB6E}.Release|Any CPU.Deploy.0 = Release|Any CPU
		{924A6E26-7D47-4EB4-B785-FD98483B182C}.Debug|Any CPU.ActiveCfg = Debug|Any CPU
		{924A6E26-7D47-4EB4-B785-FD98483B182C}.Debug|Any CPU.Build.0 = Debug|Any CPU
		{924A6E26-7D47-4EB4-B785-FD98483B182C}.Release|Any CPU.ActiveCfg = Release|Any CPU
		{924A6E26-7D47-4EB4-B785-FD98483B182C}.Release|Any CPU.Build.0 = Release|Any CPU
		{FF7250EF-8E20-401A-B2F2-45A20F134750}.Debug|Any CPU.ActiveCfg = Debug|Any CPU
		{FF7250EF-8E20-401A-B2F2-45A20F134750}.Debug|Any CPU.Build.0 = Debug|Any CPU
		{FF7250EF-8E20-401A-B2F2-45A20F134750}.Release|Any CPU.ActiveCfg = Release|Any CPU
		{FF7250EF-8E20-401A-B2F2-45A20F134750}.Release|Any CPU.Build.0 = Release|Any CPU
		{D33B249B-D5BF-4097-BC6C-88A86CDD6C89}.Debug|Any CPU.ActiveCfg = Debug|Any CPU
		{D33B249B-D5BF-4097-BC6C-88A86CDD6C89}.Debug|Any CPU.Build.0 = Debug|Any CPU
		{D33B249B-D5BF-4097-BC6C-88A86CDD6C89}.Release|Any CPU.ActiveCfg = Release|Any CPU
		{D33B249B-D5BF-4097-BC6C-88A86CDD6C89}.Release|Any CPU.Build.0 = Release|Any CPU
		{9DAD2B7B-F984-40D7-9942-1ED680E0383F}.Debug|Any CPU.ActiveCfg = Debug|Any CPU
		{9DAD2B7B-F984-40D7-9942-1ED680E0383F}.Debug|Any CPU.Build.0 = Debug|Any CPU
		{9DAD2B7B-F984-40D7-9942-1ED680E0383F}.Release|Any CPU.ActiveCfg = Release|Any CPU
		{9DAD2B7B-F984-40D7-9942-1ED680E0383F}.Release|Any CPU.Build.0 = Release|Any CPU
	EndGlobalSection
	GlobalSection(SolutionProperties) = preSolution
		HideSolutionNode = FALSE
	EndGlobalSection
EndGlobal
